
Microsoft Visual Studio Solution File, Format Version 12.00
# Visual Studio 15
VisualStudioVersion = 15.0.28307.168
MinimumVisualStudioVersion = 10.0.40219.1
Project("{FAE04EC0-301F-11D3-BF4B-00C04F79EFBC}") = "Imprimir", "Imprimir\Imprimir.csproj", "{E97568C7-563D-488E-89B1-FF9824AB4FA4}"
EndProject
Global
	GlobalSection(SolutionConfigurationPlatforms) = preSolution
		Debug|Any CPU = Debug|Any CPU
		Release|Any CPU = Release|Any CPU
	EndGlobalSection
	GlobalSection(ProjectConfigurationPlatforms) = postSolution
		{E97568C7-563D-488E-89B1-FF9824AB4FA4}.Debug|Any CPU.ActiveCfg = Debug|Any CPU
		{E97568C7-563D-488E-89B1-FF9824AB4FA4}.Debug|Any CPU.Build.0 = Debug|Any CPU
		{E97568C7-563D-488E-89B1-FF9824AB4FA4}.Release|Any CPU.ActiveCfg = Release|Any CPU
		{E97568C7-563D-488E-89B1-FF9824AB4FA4}.Release|Any CPU.Build.0 = Release|Any CPU
	EndGlobalSection
	GlobalSection(SolutionProperties) = preSolution
		HideSolutionNode = FALSE
	EndGlobalSection
	GlobalSection(ExtensibilityGlobals) = postSolution
		SolutionGuid = {DF73503F-19EC-46FE-BDD0-2D49640CCB97}
	EndGlobalSection
EndGlobal
